
Microsoft Visual Studio Solution File, Format Version 12.00
# Visual Studio Version 17
VisualStudioVersion = 17.14.36212.18 d17.14
MinimumVisualStudioVersion = 10.0.40219.1
Project("{FAE04EC0-301F-11D3-BF4B-00C04F79EFBC}") = "Hippo-Exchange", "Hippo-Exchange.csproj", "{992ACB11-586F-451D-B59D-E9F8382DD997}"
EndProject
Global
	GlobalSection(SolutionConfigurationPlatforms) = preSolution
		Debug|Any CPU = Debug|Any CPU
		Release|Any CPU = Release|Any CPU
	EndGlobalSection
	GlobalSection(ProjectConfigurationPlatforms) = postSolution
		{992ACB11-586F-451D-B59D-E9F8382DD997}.Debug|Any CPU.ActiveCfg = Debug|Any CPU
		{992ACB11-586F-451D-B59D-E9F8382DD997}.Debug|Any CPU.Build.0 = Debug|Any CPU
		{992ACB11-586F-451D-B59D-E9F8382DD997}.Release|Any CPU.ActiveCfg = Release|Any CPU
		{992ACB11-586F-451D-B59D-E9F8382DD997}.Release|Any CPU.Build.0 = Release|Any CPU
	EndGlobalSection
	GlobalSection(SolutionProperties) = preSolution
		HideSolutionNode = FALSE
	EndGlobalSection
	GlobalSection(ExtensibilityGlobals) = postSolution
		SolutionGuid = {61E6A592-D7BD-4340-A50B-5661E18FCDDD}
	EndGlobalSection
EndGlobal
